
Microsoft Visual Studio Solution File, Format Version 12.00
# Visual Studio 15
VisualStudioVersion = 15.0.27130.2027
MinimumVisualStudioVersion = 10.0.40219.1
Project("{888888A0-9F3D-457C-B088-3A5042F75D52}") = "imap", "imap\imap.pyproj", "{6F22FC10-5976-4736-892C-AD6315D9CE91}"
EndProject
Global
	GlobalSection(SolutionConfigurationPlatforms) = preSolution
		Debug|Any CPU = Debug|Any CPU
		Release|Any CPU = Release|Any CPU
	EndGlobalSection
	GlobalSection(ProjectConfigurationPlatforms) = postSolution
		{6F22FC10-5976-4736-892C-AD6315D9CE91}.Debug|Any CPU.ActiveCfg = Debug|Any CPU
		{6F22FC10-5976-4736-892C-AD6315D9CE91}.Release|Any CPU.ActiveCfg = Release|Any CPU
	EndGlobalSection
	GlobalSection(SolutionProperties) = preSolution
		HideSolutionNode = FALSE
	EndGlobalSection
	GlobalSection(ExtensibilityGlobals) = postSolution
		SolutionGuid = {70DE5FD1-3356-4225-AD89-AE98943F0A76}
	EndGlobalSection
EndGlobal
